
Microsoft Visual Studio Solution File, Format Version 9.00
# Visual Basic Express 2005
Project("{F184B08F-C81C-45F6-A57F-5ABD9991F28F}") = "Munin-Node.Net", "Munin-Node.Net\Munin-Node.Net.vbproj", "{8B92FD60-B381-49B6-AA43-83F0C77954FB}"
EndProject
Global
	GlobalSection(SolutionConfigurationPlatforms) = preSolution
		Debug|Any CPU = Debug|Any CPU
		Release|Any CPU = Release|Any CPU
	EndGlobalSection
	GlobalSection(ProjectConfigurationPlatforms) = postSolution
		{8B92FD60-B381-49B6-AA43-83F0C77954FB}.Debug|Any CPU.ActiveCfg = Debug|Any CPU
		{8B92FD60-B381-49B6-AA43-83F0C77954FB}.Debug|Any CPU.Build.0 = Debug|Any CPU
		{8B92FD60-B381-49B6-AA43-83F0C77954FB}.Release|Any CPU.ActiveCfg = Release|Any CPU
		{8B92FD60-B381-49B6-AA43-83F0C77954FB}.Release|Any CPU.Build.0 = Release|Any CPU
	EndGlobalSection
	GlobalSection(SolutionProperties) = preSolution
		HideSolutionNode = FALSE
	EndGlobalSection
EndGlobal
